# This file is automatically @generated by Cargo.
# It is not intended for manual editing.
version = 4

[[package]]
name = "generated"
version = "0.1.0"
dependencies = [
 "smith",
]

[[package]]
name = "runtime"
version = "0.1.0"

[[package]]
name = "rustsmith"
version = "0.1.0"

[[package]]
name = "smith"
version = "0.1.0"
